<?xml version="1.0" encoding="utf-8"?>
<Project ToolsVersion="4.0" xmlns="http://schemas.microsoft.com/developer/msbuild/2003">
  <ItemGroup>
    <Filter Include="Source Files">
      <UniqueIdentifier>{4FC737F1-C7A5-4376-A066-2A32D752A2FF}</UniqueIdentifier>
      <Extensions>cpp;c;cc;cxx;c++;cppm;ixx;def;odl;idl;hpj;bat;asm;asmx</Extensions>
    </Filter>
    <Filter Include="Header Files">
      <UniqueIdentifier>{93995380-89BD-4b04-88EB-625FBE52EBFB}</UniqueIdentifier>
      <Extensions>h;hh;hpp;hxx;h++;hm;inl;inc;ipp;xsd</Extensions>
    </Filter>
    <Filter Include="Resource Files">
      <UniqueIdentifier>{67DA6AB6-F800-4c08-8B7A-83BB121AAD01}</UniqueIdentifier>
      <Extensions>rc;ico;cur;bmp;dlg;rc2;rct;bin;rgs;gif;jpg;jpeg;jpe;resx;tiff;tif;png;wav;mfcribbon-ms</Extensions>
    </Filter>
  </ItemGroup>
  <ItemGroup>
    <ClInclude Include="TerritorialUnit.h">
      <Filter>Header Files</Filter>
    </ClInclude>
    <ClInclude Include="Stat.h">
      <Filter>Header Files</Filter>
    </ClInclude>
    <ClInclude Include="Kraj.h">
      <Filter>Header Files</Filter>
    </ClInclude>
    <ClInclude Include="Obec.h">
      <Filter>Header Files</Filter>
    </ClInclude>
    <ClInclude Include="Data.h">
      <Filter>Header Files</Filter>
    </ClInclude>
    <ClInclude Include="structures\_logger\logger.h">
      <Filter>Header Files</Filter>
    </ClInclude>
    <ClInclude Include="structures\array\array.h">
      <Filter>Header Files</Filter>
    </ClInclude>
    <ClInclude Include="structures\list\array_list.h">
      <Filter>Header Files</Filter>
    </ClInclude>
    <ClInclude Include="structures\list\double_linked_list.h">
      <Filter>Header Files</Filter>
    </ClInclude>
    <ClInclude Include="structures\list\linked_list.h">
      <Filter>Header Files</Filter>
    </ClInclude>
    <ClInclude Include="structures\list\list.h">
      <Filter>Header Files</Filter>
    </ClInclude>
    <ClInclude Include="structures\matrix\coherent_matrix.h">
      <Filter>Header Files</Filter>
    </ClInclude>
    <ClInclude Include="structures\matrix\incoherent_matrix.h">
      <Filter>Header Files</Filter>
    </ClInclude>
    <ClInclude Include="structures\matrix\matrix.h">
      <Filter>Header Files</Filter>
    </ClInclude>
    <ClInclude Include="structures\priority_queue\heap.h">
      <Filter>Header Files</Filter>
    </ClInclude>
    <ClInclude Include="structures\priority_queue\priority_queue.h">
      <Filter>Header Files</Filter>
    </ClInclude>
    <ClInclude Include="structures\priority_queue\priority_queue_limited_sorted_array_list.h">
      <Filter>Header Files</Filter>
    </ClInclude>
    <ClInclude Include="structures\priority_queue\priority_queue_linked_list.h">
      <Filter>Header Files</Filter>
    </ClInclude>
    <ClInclude Include="structures\priority_queue\priority_queue_list.h">
      <Filter>Header Files</Filter>
    </ClInclude>
    <ClInclude Include="structures\priority_queue\priority_queue_sorted_array_list.h">
      <Filter>Header Files</Filter>
    </ClInclude>
    <ClInclude Include="structures\priority_queue\priority_queue_two_lists.h">
      <Filter>Header Files</Filter>
    </ClInclude>
    <ClInclude Include="structures\priority_queue\priority_queue_unsorted_array_list.h">
      <Filter>Header Files</Filter>
    </ClInclude>
    <ClInclude Include="structures\queue\explicit_queue.h">
      <Filter>Header Files</Filter>
    </ClInclude>
    <ClInclude Include="structures\queue\implicit_queue.h">
      <Filter>Header Files</Filter>
    </ClInclude>
    <ClInclude Include="structures\queue\queue.h">
      <Filter>Header Files</Filter>
    </ClInclude>
    <ClInclude Include="structures\stack\explicit_stack.h">
      <Filter>Header Files</Filter>
    </ClInclude>
    <ClInclude Include="structures\stack\implicit_stack.h">
      <Filter>Header Files</Filter>
    </ClInclude>
    <ClInclude Include="structures\stack\stack.h">
      <Filter>Header Files</Filter>
    </ClInclude>
    <ClInclude Include="structures\table\sorting\bubble_sort.h">
      <Filter>Header Files</Filter>
    </ClInclude>
    <ClInclude Include="structures\table\sorting\heap_sort.h">
      <Filter>Header Files</Filter>
    </ClInclude>
    <ClInclude Include="structures\table\sorting\insert_sort.h">
      <Filter>Header Files</Filter>
    </ClInclude>
    <ClInclude Include="structures\table\sorting\merge_sort.h">
      <Filter>Header Files</Filter>
    </ClInclude>
    <ClInclude Include="structures\table\sorting\quick_sort.h">
      <Filter>Header Files</Filter>
    </ClInclude>
    <ClInclude Include="structures\table\sorting\radix_sort.h">
      <Filter>Header Files</Filter>
    </ClInclude>
    <ClInclude Include="structures\table\sorting\select_sort.h">
      <Filter>Header Files</Filter>
    </ClInclude>
    <ClInclude Include="structures\table\sorting\shell_sort.h">
      <Filter>Header Files</Filter>
    </ClInclude>
    <ClInclude Include="structures\table\sorting\shuffle.h">
      <Filter>Header Files</Filter>
    </ClInclude>
    <ClInclude Include="structures\table\sorting\sort.h">
      <Filter>Header Files</Filter>
    </ClInclude>
    <ClInclude Include="structures\table\binary_search_tree.h">
      <Filter>Header Files</Filter>
    </ClInclude>
    <ClInclude Include="structures\table\hash_table.h">
      <Filter>Header Files</Filter>
    </ClInclude>
    <ClInclude Include="structures\table\linked_table.h">
      <Filter>Header Files</Filter>
    </ClInclude>
    <ClInclude Include="structures\table\sequence_table.h">
      <Filter>Header Files</Filter>
    </ClInclude>
    <ClInclude Include="structures\table\sorted_sequence_table.h">
      <Filter>Header Files</Filter>
    </ClInclude>
    <ClInclude Include="structures\table\table.h">
      <Filter>Header Files</Filter>
    </ClInclude>
    <ClInclude Include="structures\table\treap.h">
      <Filter>Header Files</Filter>
    </ClInclude>
    <ClInclude Include="structures\table\unsorted_sequence_table.h">
      <Filter>Header Files</Filter>
    </ClInclude>
    <ClInclude Include="structures\tree\binary_tree.h">
      <Filter>Header Files</Filter>
    </ClInclude>
    <ClInclude Include="structures\tree\k_way_tree.h">
      <Filter>Header Files</Filter>
    </ClInclude>
    <ClInclude Include="structures\tree\multi_way_tree.h">
      <Filter>Header Files</Filter>
    </ClInclude>
    <ClInclude Include="structures\tree\tree.h">
      <Filter>Header Files</Filter>
    </ClInclude>
    <ClInclude Include="structures\vector\vector.h">
      <Filter>Header Files</Filter>
    </ClInclude>
    <ClInclude Include="structures\data_item.h">
      <Filter>Header Files</Filter>
    </ClInclude>
    <ClInclude Include="structures\heap_monitor.h">
      <Filter>Header Files</Filter>
    </ClInclude>
    <ClInclude Include="structures\structure.h">
      <Filter>Header Files</Filter>
    </ClInclude>
    <ClInclude Include="structures\structure_iterator.h">
      <Filter>Header Files</Filter>
    </ClInclude>
    <ClInclude Include="structures\types.h">
      <Filter>Header Files</Filter>
    </ClInclude>
    <ClInclude Include="structures\utils.h">
      <Filter>Header Files</Filter>
    </ClInclude>
    <ClInclude Include="Okres.h">
      <Filter>Header Files</Filter>
    </ClInclude>
    <ClInclude Include="heap_monitor.h">
      <Filter>Header Files</Filter>
    </ClInclude>
    <ClInclude Include="Criterion.h">
      <Filter>Header Files</Filter>
    </ClInclude>
    <ClInclude Include="CriterionTU.h">
      <Filter>Header Files</Filter>
    </ClInclude>
    <ClInclude Include="Filter.h">
      <Filter>Header Files</Filter>
    </ClInclude>
    <ClInclude Include="FilterTU.h">
      <Filter>Header Files</Filter>
    </ClInclude>
    <ClInclude Include="CompositeFilter.h">
      <Filter>Header Files</Filter>
    </ClInclude>
    <ClInclude Include="Sorter.h">
      <Filter>Header Files</Filter>
    </ClInclude>
    <ClInclude Include="UserInterface.h">
      <Filter>Header Files</Filter>
    </ClInclude>
    <ClInclude Include="FilterMakerUI.h">
      <Filter>Header Files</Filter>
    </ClInclude>
  </ItemGroup>
  <ItemGroup>
    <ClCompile Include="TerritorialUnit.cpp">
      <Filter>Source Files</Filter>
    </ClCompile>
    <ClCompile Include="Stat.cpp">
      <Filter>Source Files</Filter>
    </ClCompile>
    <ClCompile Include="Kraj.cpp">
      <Filter>Source Files</Filter>
    </ClCompile>
    <ClCompile Include="Obec.cpp">
      <Filter>Source Files</Filter>
    </ClCompile>
    <ClCompile Include="Main.cpp">
      <Filter>Source Files</Filter>
    </ClCompile>
    <ClCompile Include="Data.cpp">
      <Filter>Source Files</Filter>
    </ClCompile>
    <ClCompile Include="structures\_logger\logger.cpp">
      <Filter>Source Files</Filter>
    </ClCompile>
    <ClCompile Include="structures\vector\vector.cpp">
      <Filter>Source Files</Filter>
    </ClCompile>
    <ClCompile Include="structures\structure.cpp">
      <Filter>Source Files</Filter>
    </ClCompile>
    <ClCompile Include="structures\utils.cpp">
      <Filter>Source Files</Filter>
    </ClCompile>
    <ClCompile Include="Okres.cpp">
      <Filter>Source Files</Filter>
    </ClCompile>
    <ClCompile Include="Filter.cpp">
      <Filter>Source Files</Filter>
    </ClCompile>
    <ClCompile Include="FilterTU.cpp">
      <Filter>Source Files</Filter>
    </ClCompile>
    <ClCompile Include="CompositeFilter.cpp">
      <Filter>Source Files</Filter>
    </ClCompile>
    <ClCompile Include="Sorter.cpp">
      <Filter>Source Files</Filter>
    </ClCompile>
    <ClCompile Include="UserInterface.cpp">
      <Filter>Source Files</Filter>
    </ClCompile>
    <ClCompile Include="FilterMakerUI.cpp">
      <Filter>Source Files</Filter>
    </ClCompile>
  </ItemGroup>
</Project>